PODS:
  - QDNotificationBar (0.1.0)

DEPENDENCIES:
  - QDNotificationBar (from `../`)

EXTERNAL SOURCES:
  QDNotificationBar:
    :path: "../"

SPEC CHECKSUMS:
  QDNotificationBar: 6a09f55ef1e6eefe8df5286554e4191671d0c7f5

PODFILE CHECKSUM: 777d7f864983b8daa057d6d74d336ac97eef9841

COCOAPODS: 1.5.3
